
Microsoft Visual Studio Solution File, Format Version 12.00
# Visual Studio Version 17
VisualStudioVersion = 17.1.32210.238
MinimumVisualStudioVersion = 10.0.40219.1
Project("{FAE04EC0-301F-11D3-BF4B-00C04F79EFBC}") = "TriggerFunction", "TriggerFunction\TriggerFunction.csproj", "{3824B7D1-D574-4EE1-8F5D-EF66371DBB60}"
EndProject
Project("{FAE04EC0-301F-11D3-BF4B-00C04F79EFBC}") = "TestClient", "TestClient\TestClient.csproj", "{B8396AD6-414D-4F6D-B5D4-22127E52BCEB}"
EndProject
Global
	GlobalSection(SolutionConfigurationPlatforms) = preSolution
		Debug|Any CPU = Debug|Any CPU
		Release|Any CPU = Release|Any CPU
	EndGlobalSection
	GlobalSection(ProjectConfigurationPlatforms) = postSolution
		{3824B7D1-D574-4EE1-8F5D-EF66371DBB60}.Debug|Any CPU.ActiveCfg = Debug|Any CPU
		{3824B7D1-D574-4EE1-8F5D-EF66371DBB60}.Debug|Any CPU.Build.0 = Debug|Any CPU
		{3824B7D1-D574-4EE1-8F5D-EF66371DBB60}.Release|Any CPU.ActiveCfg = Release|Any CPU
		{3824B7D1-D574-4EE1-8F5D-EF66371DBB60}.Release|Any CPU.Build.0 = Release|Any CPU
		{B8396AD6-414D-4F6D-B5D4-22127E52BCEB}.Debug|Any CPU.ActiveCfg = Debug|Any CPU
		{B8396AD6-414D-4F6D-B5D4-22127E52BCEB}.Debug|Any CPU.Build.0 = Debug|Any CPU
		{B8396AD6-414D-4F6D-B5D4-22127E52BCEB}.Release|Any CPU.ActiveCfg = Release|Any CPU
		{B8396AD6-414D-4F6D-B5D4-22127E52BCEB}.Release|Any CPU.Build.0 = Release|Any CPU
	EndGlobalSection
	GlobalSection(SolutionProperties) = preSolution
		HideSolutionNode = FALSE
	EndGlobalSection
	GlobalSection(ExtensibilityGlobals) = postSolution
		SolutionGuid = {3B9D32D2-6F82-4966-8BFD-50DFA128BC49}
	EndGlobalSection
EndGlobal
